
Microsoft Visual Studio Solution File, Format Version 12.00
# Visual Studio Version 16
VisualStudioVersion = 16.0.32228.343
MinimumVisualStudioVersion = 10.0.40219.1
Project("{FAE04EC0-301F-11D3-BF4B-00C04F79EFBC}") = "apiLibreria", "apiLibreria\apiLibreria.csproj", "{A02C4A29-A3A9-4EC9-BE29-6C47D350D692}"
EndProject
Project("{FAE04EC0-301F-11D3-BF4B-00C04F79EFBC}") = "ViewModels", "ViewModels\ViewModels.csproj", "{0DAF5713-B58B-4D5F-AD9E-B533F0A9075F}"
EndProject
Project("{FAE04EC0-301F-11D3-BF4B-00C04F79EFBC}") = "Libreria", "Libreria\Libreria.csproj", "{871C2E6D-BCE5-43A8-9D4C-12CC749953E5}"
EndProject
Global
	GlobalSection(SolutionConfigurationPlatforms) = preSolution
		Debug|Any CPU = Debug|Any CPU
		Release|Any CPU = Release|Any CPU
	EndGlobalSection
	GlobalSection(ProjectConfigurationPlatforms) = postSolution
		{A02C4A29-A3A9-4EC9-BE29-6C47D350D692}.Debug|Any CPU.ActiveCfg = Debug|Any CPU
		{A02C4A29-A3A9-4EC9-BE29-6C47D350D692}.Debug|Any CPU.Build.0 = Debug|Any CPU
		{A02C4A29-A3A9-4EC9-BE29-6C47D350D692}.Release|Any CPU.ActiveCfg = Release|Any CPU
		{A02C4A29-A3A9-4EC9-BE29-6C47D350D692}.Release|Any CPU.Build.0 = Release|Any CPU
		{0DAF5713-B58B-4D5F-AD9E-B533F0A9075F}.Debug|Any CPU.ActiveCfg = Debug|Any CPU
		{0DAF5713-B58B-4D5F-AD9E-B533F0A9075F}.Debug|Any CPU.Build.0 = Debug|Any CPU
		{0DAF5713-B58B-4D5F-AD9E-B533F0A9075F}.Release|Any CPU.ActiveCfg = Release|Any CPU
		{0DAF5713-B58B-4D5F-AD9E-B533F0A9075F}.Release|Any CPU.Build.0 = Release|Any CPU
		{871C2E6D-BCE5-43A8-9D4C-12CC749953E5}.Debug|Any CPU.ActiveCfg = Debug|Any CPU
		{871C2E6D-BCE5-43A8-9D4C-12CC749953E5}.Debug|Any CPU.Build.0 = Debug|Any CPU
		{871C2E6D-BCE5-43A8-9D4C-12CC749953E5}.Release|Any CPU.ActiveCfg = Release|Any CPU
		{871C2E6D-BCE5-43A8-9D4C-12CC749953E5}.Release|Any CPU.Build.0 = Release|Any CPU
	EndGlobalSection
	GlobalSection(SolutionProperties) = preSolution
		HideSolutionNode = FALSE
	EndGlobalSection
	GlobalSection(ExtensibilityGlobals) = postSolution
		SolutionGuid = {50EE665F-2514-416E-BE3D-3B584C49A969}
	EndGlobalSection
EndGlobal
